{"format_version":"0.2","terraform_version":"1.0.11","variables":{"location":{"value":"westeurope"}},"planned_values":{"outputs":{"resource_group_name":{"sensitive":false}},"root_module":{"resources":[{"address":"azurerm_resource_group.rg","mode":"managed","type":"azurerm_resource_group","name":"rg","provider_name":"registry.terraform.io/hashicorp/azurerm","schema_version":0,"values":{"location":"westeurope","tags":{"Application":"Azure Compliance","Environment":"dev"},"timeouts":null},"sensitive_values":{"tags":{}}},{"address":"random_uuid.uuid","mode":"managed","type":"random_uuid","name":"uuid","provider_name":"registry.terraform.io/hashicorp/random","schema_version":0,"values":{"keepers":null},"sensitive_values":{}}]}},"resource_changes":[{"address":"azurerm_resource_group.rg","mode":"managed","type":"azurerm_resource_group","name":"rg","provider_name":"registry.terraform.io/hashicorp/azurerm","change":{"actions":["create"],"before":null,"after":{"location":"westeurope","tags":{"Application":"Azure Compliance","Environment":"dev"},"timeouts":null},"after_unknown":{"id":true,"name":true,"tags":{}},"before_sensitive":false,"after_sensitive":{"tags":{}}}},{"address":"random_uuid.uuid","mode":"managed","type":"random_uuid","name":"uuid","provider_name":"registry.terraform.io/hashicorp/random","change":{"actions":["create"],"before":null,"after":{"keepers":null},"after_unknown":{"id":true,"result":true},"before_sensitive":false,"after_sensitive":{}}}],"output_changes":{"resource_group_name":{"actions":["create"],"before":null,"after_unknown":true,"before_sensitive":false,"after_sensitive":false}},"configuration":{"provider_config":{"azurerm":{"name":"azurerm","expressions":{"features":[{}]}}},"root_module":{"outputs":{"resource_group_name":{"expression":{"references":["azurerm_resource_group.rg.name","azurerm_resource_group.rg"]}}},"resources":[{"address":"azurerm_resource_group.rg","mode":"managed","type":"azurerm_resource_group","name":"rg","provider_config_key":"azurerm","expressions":{"location":{"references":["var.location"]},"name":{"references":["random_uuid.uuid.result","random_uuid.uuid"]},"tags":{"constant_value":{"Application":"Azure Compliance","Environment":"dev"}}},"schema_version":0},{"address":"random_uuid.uuid","mode":"managed","type":"random_uuid","name":"uuid","provider_config_key":"random","schema_version":0}],"variables":{"location":{"default":"westeurope","description":"The Azure location where the resources will be created"}}}}}
